
Microsoft Visual Studio Solution File, Format Version 12.00
# Visual Studio Version 17
VisualStudioVersion = 17.0.31903.59
MinimumVisualStudioVersion = 10.0.40219.1
Project("{FAE04EC0-301F-11D3-BF4B-00C04F79EFBC}") = "Integrio.Security.AzureFunctions.Runner", "components\Integrio.Security.AzureFunctions.Runner\Integrio.Security.AzureFunctions.Runner.csproj", "{E9B9049A-6D83-4A6A-91D9-2CA1E414145E}"
EndProject
Project("{FAE04EC0-301F-11D3-BF4B-00C04F79EFBC}") = "Integrio.Security.AzureFunctions", "components\Integrio.Security.AzureFunctions\src\Integrio.Security.AzureFunctions.csproj", "{D85CF584-B76E-4B1D-881E-DD45E8466905}"
EndProject
Project("{FAE04EC0-301F-11D3-BF4B-00C04F79EFBC}") = "Integrio.Security.AzureFunctions.Tests", "components\Integrio.Security.AzureFunctions\tests\Integrio.Security.AzureFunctions.Tests.csproj", "{8D2E7164-A434-48B6-9B2C-65D5650A95B0}"
EndProject
Global
	GlobalSection(SolutionConfigurationPlatforms) = preSolution
		Debug|Any CPU = Debug|Any CPU
		Release|Any CPU = Release|Any CPU
	EndGlobalSection
	GlobalSection(SolutionProperties) = preSolution
		HideSolutionNode = FALSE
	EndGlobalSection
	GlobalSection(ProjectConfigurationPlatforms) = postSolution
		{E9B9049A-6D83-4A6A-91D9-2CA1E414145E}.Debug|Any CPU.ActiveCfg = Debug|Any CPU
		{E9B9049A-6D83-4A6A-91D9-2CA1E414145E}.Debug|Any CPU.Build.0 = Debug|Any CPU
		{E9B9049A-6D83-4A6A-91D9-2CA1E414145E}.Release|Any CPU.ActiveCfg = Release|Any CPU
		{E9B9049A-6D83-4A6A-91D9-2CA1E414145E}.Release|Any CPU.Build.0 = Release|Any CPU
		{D85CF584-B76E-4B1D-881E-DD45E8466905}.Debug|Any CPU.ActiveCfg = Debug|Any CPU
		{D85CF584-B76E-4B1D-881E-DD45E8466905}.Debug|Any CPU.Build.0 = Debug|Any CPU
		{D85CF584-B76E-4B1D-881E-DD45E8466905}.Release|Any CPU.ActiveCfg = Release|Any CPU
		{D85CF584-B76E-4B1D-881E-DD45E8466905}.Release|Any CPU.Build.0 = Release|Any CPU
		{8D2E7164-A434-48B6-9B2C-65D5650A95B0}.Debug|Any CPU.ActiveCfg = Debug|Any CPU
		{8D2E7164-A434-48B6-9B2C-65D5650A95B0}.Debug|Any CPU.Build.0 = Debug|Any CPU
		{8D2E7164-A434-48B6-9B2C-65D5650A95B0}.Release|Any CPU.ActiveCfg = Release|Any CPU
		{8D2E7164-A434-48B6-9B2C-65D5650A95B0}.Release|Any CPU.Build.0 = Release|Any CPU
	EndGlobalSection
EndGlobal
